
Microsoft Visual Studio Solution File, Format Version 12.00
# Visual Studio Version 16
VisualStudioVersion = 16.0.30717.126
MinimumVisualStudioVersion = 10.0.40219.1
Project("{FAE04EC0-301F-11D3-BF4B-00C04F79EFBC}") = "Mayores100", "Mayores100\Mayores100.csproj", "{D0A9B35F-CE95-4DC7-9385-7023D4BF6E74}"
EndProject
Global
	GlobalSection(SolutionConfigurationPlatforms) = preSolution
		Debug|Any CPU = Debug|Any CPU
		Release|Any CPU = Release|Any CPU
	EndGlobalSection
	GlobalSection(ProjectConfigurationPlatforms) = postSolution
		{D0A9B35F-CE95-4DC7-9385-7023D4BF6E74}.Debug|Any CPU.ActiveCfg = Debug|Any CPU
		{D0A9B35F-CE95-4DC7-9385-7023D4BF6E74}.Debug|Any CPU.Build.0 = Debug|Any CPU
		{D0A9B35F-CE95-4DC7-9385-7023D4BF6E74}.Release|Any CPU.ActiveCfg = Release|Any CPU
		{D0A9B35F-CE95-4DC7-9385-7023D4BF6E74}.Release|Any CPU.Build.0 = Release|Any CPU
	EndGlobalSection
	GlobalSection(SolutionProperties) = preSolution
		HideSolutionNode = FALSE
	EndGlobalSection
	GlobalSection(ExtensibilityGlobals) = postSolution
		SolutionGuid = {1B539AE5-EB7C-41B5-A565-C1C56A1E52C6}
	EndGlobalSection
EndGlobal
